
Microsoft Visual Studio Solution File, Format Version 12.00
# Visual Studio Version 17
VisualStudioVersion = 17.3.32929.385
MinimumVisualStudioVersion = 10.0.40219.1
Project("{FAE04EC0-301F-11D3-BF4B-00C04F79EFBC}") = "Sandu_Elena-Ancuta_Lab2", "Sandu_Elena-Ancuta_Lab2.csproj", "{B4FADBC1-7F8D-4D88-93FC-498D69308069}"
EndProject
Global
	GlobalSection(SolutionConfigurationPlatforms) = preSolution
		Debug|Any CPU = Debug|Any CPU
		Release|Any CPU = Release|Any CPU
	EndGlobalSection
	GlobalSection(ProjectConfigurationPlatforms) = postSolution
		{B4FADBC1-7F8D-4D88-93FC-498D69308069}.Debug|Any CPU.ActiveCfg = Debug|Any CPU
		{B4FADBC1-7F8D-4D88-93FC-498D69308069}.Debug|Any CPU.Build.0 = Debug|Any CPU
		{B4FADBC1-7F8D-4D88-93FC-498D69308069}.Release|Any CPU.ActiveCfg = Release|Any CPU
		{B4FADBC1-7F8D-4D88-93FC-498D69308069}.Release|Any CPU.Build.0 = Release|Any CPU
	EndGlobalSection
	GlobalSection(SolutionProperties) = preSolution
		HideSolutionNode = FALSE
	EndGlobalSection
	GlobalSection(ExtensibilityGlobals) = postSolution
		SolutionGuid = {8F8F9B85-0ECF-448A-A4B8-F665CA7293D6}
	EndGlobalSection
EndGlobal
